
Microsoft Visual Studio Solution File, Format Version 12.00
# Visual Studio 14
VisualStudioVersion = 14.0.25420.1
MinimumVisualStudioVersion = 10.0.40219.1
Project("{FAE04EC0-301F-11D3-BF4B-00C04F79EFBC}") = "WHEDU_OA_WEBAPI", "WHEDU_OA_WEBAPI\WHEDU_OA_WEBAPI.csproj", "{7A631C82-7412-470A-9DAF-81CF5DB89B4E}"
EndProject
Project("{FAE04EC0-301F-11D3-BF4B-00C04F79EFBC}") = "WHEDU_OA_VIEWMODELS", "WHEDU_OA_VIEWMODELS\WHEDU_OA_VIEWMODELS.csproj", "{6BD0B658-AD0D-462E-B329-CF5F64633CEF}"
EndProject
Project("{FAE04EC0-301F-11D3-BF4B-00C04F79EFBC}") = "WHEDU_OA_INTERFACES", "WHEDU_OA_INTERFACES\WHEDU_OA_INTERFACES.csproj", "{0475AF5F-0960-4131-8512-C6D1B7E622FD}"
EndProject
Project("{FAE04EC0-301F-11D3-BF4B-00C04F79EFBC}") = "WHEDU_OA_DAL", "WHEDU_OA_DAL\WHEDU_OA_DAL.csproj", "{391E28AE-F11E-4FFA-A837-1BA4AC1A541A}"
EndProject
Project("{FAE04EC0-301F-11D3-BF4B-00C04F79EFBC}") = "WHEDU_OA_BLL", "WHEDU_OA_BLL\WHEDU_OA_BLL.csproj", "{4932D0A8-F1DB-419F-8331-A32821590550}"
EndProject
Project("{FAE04EC0-301F-11D3-BF4B-00C04F79EFBC}") = "WHEDU_OA_COMMONS", "WHEDU_OA_COMMONS\WHEDU_OA_COMMONS.csproj", "{337723C9-BF0A-4206-A415-6A206DFFD52C}"
EndProject
Project("{FAE04EC0-301F-11D3-BF4B-00C04F79EFBC}") = "WHEDU_OA_MODELS", "WHEDU_OA_MODELS\WHEDU_OA_MODELS.csproj", "{841393F1-34C1-443D-87C1-E0B7BA7AB93A}"
EndProject
Global
	GlobalSection(SolutionConfigurationPlatforms) = preSolution
		Debug|Any CPU = Debug|Any CPU
		Release|Any CPU = Release|Any CPU
	EndGlobalSection
	GlobalSection(ProjectConfigurationPlatforms) = postSolution
		{7A631C82-7412-470A-9DAF-81CF5DB89B4E}.Debug|Any CPU.ActiveCfg = Debug|Any CPU
		{7A631C82-7412-470A-9DAF-81CF5DB89B4E}.Debug|Any CPU.Build.0 = Debug|Any CPU
		{7A631C82-7412-470A-9DAF-81CF5DB89B4E}.Release|Any CPU.ActiveCfg = Release|Any CPU
		{7A631C82-7412-470A-9DAF-81CF5DB89B4E}.Release|Any CPU.Build.0 = Release|Any CPU
		{6BD0B658-AD0D-462E-B329-CF5F64633CEF}.Debug|Any CPU.ActiveCfg = Debug|Any CPU
		{6BD0B658-AD0D-462E-B329-CF5F64633CEF}.Debug|Any CPU.Build.0 = Debug|Any CPU
		{6BD0B658-AD0D-462E-B329-CF5F64633CEF}.Release|Any CPU.ActiveCfg = Release|Any CPU
		{6BD0B658-AD0D-462E-B329-CF5F64633CEF}.Release|Any CPU.Build.0 = Release|Any CPU
		{0475AF5F-0960-4131-8512-C6D1B7E622FD}.Debug|Any CPU.ActiveCfg = Debug|Any CPU
		{0475AF5F-0960-4131-8512-C6D1B7E622FD}.Debug|Any CPU.Build.0 = Debug|Any CPU
		{0475AF5F-0960-4131-8512-C6D1B7E622FD}.Release|Any CPU.ActiveCfg = Release|Any CPU
		{0475AF5F-0960-4131-8512-C6D1B7E622FD}.Release|Any CPU.Build.0 = Release|Any CPU
		{391E28AE-F11E-4FFA-A837-1BA4AC1A541A}.Debug|Any CPU.ActiveCfg = Debug|Any CPU
		{391E28AE-F11E-4FFA-A837-1BA4AC1A541A}.Debug|Any CPU.Build.0 = Debug|Any CPU
		{391E28AE-F11E-4FFA-A837-1BA4AC1A541A}.Release|Any CPU.ActiveCfg = Release|Any CPU
		{391E28AE-F11E-4FFA-A837-1BA4AC1A541A}.Release|Any CPU.Build.0 = Release|Any CPU
		{4932D0A8-F1DB-419F-8331-A32821590550}.Debug|Any CPU.ActiveCfg = Debug|Any CPU
		{4932D0A8-F1DB-419F-8331-A32821590550}.Debug|Any CPU.Build.0 = Debug|Any CPU
		{4932D0A8-F1DB-419F-8331-A32821590550}.Release|Any CPU.ActiveCfg = Release|Any CPU
		{4932D0A8-F1DB-419F-8331-A32821590550}.Release|Any CPU.Build.0 = Release|Any CPU
		{337723C9-BF0A-4206-A415-6A206DFFD52C}.Debug|Any CPU.ActiveCfg = Debug|Any CPU
		{337723C9-BF0A-4206-A415-6A206DFFD52C}.Debug|Any CPU.Build.0 = Debug|Any CPU
		{337723C9-BF0A-4206-A415-6A206DFFD52C}.Release|Any CPU.ActiveCfg = Release|Any CPU
		{337723C9-BF0A-4206-A415-6A206DFFD52C}.Release|Any CPU.Build.0 = Release|Any CPU
		{841393F1-34C1-443D-87C1-E0B7BA7AB93A}.Debug|Any CPU.ActiveCfg = Debug|Any CPU
		{841393F1-34C1-443D-87C1-E0B7BA7AB93A}.Debug|Any CPU.Build.0 = Debug|Any CPU
		{841393F1-34C1-443D-87C1-E0B7BA7AB93A}.Release|Any CPU.ActiveCfg = Release|Any CPU
		{841393F1-34C1-443D-87C1-E0B7BA7AB93A}.Release|Any CPU.Build.0 = Release|Any CPU
	EndGlobalSection
	GlobalSection(SolutionProperties) = preSolution
		HideSolutionNode = FALSE
	EndGlobalSection
EndGlobal
